
Microsoft Visual Studio Solution File, Format Version 12.00
# Visual Studio Version 17
VisualStudioVersion = 17.14.36518.9 d17.14
MinimumVisualStudioVersion = 10.0.40219.1
Project("{FAE04EC0-301F-11D3-BF4B-00C04F79EFBC}") = "P01.Marks", "P01.Marks\P01.Marks.csproj", "{C5ED672B-9328-4B24-8BF4-E011137C4F16}"
EndProject
Global
	GlobalSection(SolutionConfigurationPlatforms) = preSolution
		Debug|Any CPU = Debug|Any CPU
		Release|Any CPU = Release|Any CPU
	EndGlobalSection
	GlobalSection(ProjectConfigurationPlatforms) = postSolution
		{C5ED672B-9328-4B24-8BF4-E011137C4F16}.Debug|Any CPU.ActiveCfg = Debug|Any CPU
		{C5ED672B-9328-4B24-8BF4-E011137C4F16}.Debug|Any CPU.Build.0 = Debug|Any CPU
		{C5ED672B-9328-4B24-8BF4-E011137C4F16}.Release|Any CPU.ActiveCfg = Release|Any CPU
		{C5ED672B-9328-4B24-8BF4-E011137C4F16}.Release|Any CPU.Build.0 = Release|Any CPU
	EndGlobalSection
	GlobalSection(SolutionProperties) = preSolution
		HideSolutionNode = FALSE
	EndGlobalSection
	GlobalSection(ExtensibilityGlobals) = postSolution
		SolutionGuid = {7EAA9524-4C7F-4621-80A8-31FAC56648DA}
	EndGlobalSection
EndGlobal
